
Microsoft Visual Studio Solution File, Format Version 12.00
# Visual Studio Version 17
VisualStudioVersion = 17.11.35327.3
MinimumVisualStudioVersion = 10.0.40219.1
Project("{FAE04EC0-301F-11D3-BF4B-00C04F79EFBC}") = "WindowsFormsApp2", "WindowsFormsApp2\WindowsFormsApp2.csproj", "{0EC6872B-3F8E-4629-9034-CBFEA3C6B986}"
EndProject
Global
	GlobalSection(SolutionConfigurationPlatforms) = preSolution
		Debug|Any CPU = Debug|Any CPU
		Release|Any CPU = Release|Any CPU
	EndGlobalSection
	GlobalSection(ProjectConfigurationPlatforms) = postSolution
		{0EC6872B-3F8E-4629-9034-CBFEA3C6B986}.Debug|Any CPU.ActiveCfg = Debug|Any CPU
		{0EC6872B-3F8E-4629-9034-CBFEA3C6B986}.Debug|Any CPU.Build.0 = Debug|Any CPU
		{0EC6872B-3F8E-4629-9034-CBFEA3C6B986}.Release|Any CPU.ActiveCfg = Release|Any CPU
		{0EC6872B-3F8E-4629-9034-CBFEA3C6B986}.Release|Any CPU.Build.0 = Release|Any CPU
	EndGlobalSection
	GlobalSection(SolutionProperties) = preSolution
		HideSolutionNode = FALSE
	EndGlobalSection
	GlobalSection(ExtensibilityGlobals) = postSolution
		SolutionGuid = {34DB3B4A-5A12-4BB7-8877-E14A8C9637A5}
	EndGlobalSection
EndGlobal
